// !$*UTF8*$!
{
	archiveVersion = 1;
	classes = {
	};
	objectVersion = 54;
	objects = {

/* Begin PBXBuildFile section */
		CB3F58FF2A2260B0002E3B30 /* AppDelegate.swift in Sources */ = {isa = PBXBuildFile; fileRef = CB3F58FE2A2260B0002E3B30 /* AppDelegate.swift */; };
		CB3F59012A2260B0002E3B30 /* SceneDelegate.swift in Sources */ = {isa = PBXBuildFile; fileRef = CB3F59002A2260B0002E3B30 /* SceneDelegate.swift */; };
		CB3F59032A2260B0002E3B30 /* CameraViewController.swift in Sources */ = {isa = PBXBuildFile; fileRef = CB3F59022A2260B0002E3B30 /* CameraViewController.swift */; };
		CB3F59082A2260B1002E3B30 /* Assets.xcassets in Resources */ = {isa = PBXBuildFile; fileRef = CB3F59072A2260B1002E3B30 /* Assets.xcassets */; };
		CB3F590B2A2260B1002E3B30 /* LaunchScreen.storyboard in Resources */ = {isa = PBXBuildFile; fileRef = CB3F59092A2260B1002E3B30 /* LaunchScreen.storyboard */; };
		CBDA9DFA2A253B1A007133C9 /* ImagesCollectionLayout.swift in Sources */ = {isa = PBXBuildFile; fileRef = CBDA9DF92A253B1A007133C9 /* ImagesCollectionLayout.swift */; };
		CBDA9DFC2A253BC0007133C9 /* ImageCell.swift in Sources */ = {isa = PBXBuildFile; fileRef = CBDA9DFB2A253BC0007133C9 /* ImageCell.swift */; };
		CBDA9DFE2A253C7F007133C9 /* ImagesViewModel.swift in Sources */ = {isa = PBXBuildFile; fileRef = CBDA9DFD2A253C7F007133C9 /* ImagesViewModel.swift */; };
		CBDA9E002A254D93007133C9 /* ImageViewController.swift in Sources */ = {isa = PBXBuildFile; fileRef = CBDA9DFF2A254D93007133C9 /* ImageViewController.swift */; };
/* End PBXBuildFile section */

/* Begin PBXFileReference section */
		CB3F58FB2A2260B0002E3B30 /* Pixels.app */ = {isa = PBXFileReference; explicitFileType = wrapper.application; includeInIndex = 0; path = Pixels.app; sourceTree = BUILT_PRODUCTS_DIR; };
		CB3F58FE2A2260B0002E3B30 /* AppDelegate.swift */ = {isa = PBXFileReference; lastKnownFileType = sourcecode.swift; path = AppDelegate.swift; sourceTree = "<group>"; };
		CB3F59002A2260B0002E3B30 /* SceneDelegate.swift */ = {isa = PBXFileReference; lastKnownFileType = sourcecode.swift; path = SceneDelegate.swift; sourceTree = "<group>"; };
		CB3F59022A2260B0002E3B30 /* CameraViewController.swift */ = {isa = PBXFileReference; lastKnownFileType = sourcecode.swift; path = CameraViewController.swift; sourceTree = "<group>"; };
		CB3F59072A2260B1002E3B30 /* Assets.xcassets */ = {isa = PBXFileReference; lastKnownFileType = folder.assetcatalog; path = Assets.xcassets; sourceTree = "<group>"; };
		CB3F590A2A2260B1002E3B30 /* Base */ = {isa = PBXFileReference; lastKnownFileType = file.storyboard; name = Base; path = Base.lproj/LaunchScreen.storyboard; sourceTree = "<group>"; };
		CB3F590C2A2260B1002E3B30 /* Info.plist */ = {isa = PBXFileReference; lastKnownFileType = text.plist.xml; path = Info.plist; sourceTree = "<group>"; };
		CBDA9DF92A253B1A007133C9 /* ImagesCollectionLayout.swift */ = {isa = PBXFileReference; lastKnownFileType = sourcecode.swift; path = ImagesCollectionLayout.swift; sourceTree = "<group>"; };
		CBDA9DFB2A253BC0007133C9 /* ImageCell.swift */ = {isa = PBXFileReference; lastKnownFileType = sourcecode.swift; path = ImageCell.swift; sourceTree = "<group>"; };
		CBDA9DFD2A253C7F007133C9 /* ImagesViewModel.swift */ = {isa = PBXFileReference; lastKnownFileType = sourcecode.swift; path = ImagesViewModel.swift; sourceTree = "<group>"; };
		CBDA9DFF2A254D93007133C9 /* ImageViewController.swift */ = {isa = PBXFileReference; lastKnownFileType = sourcecode.swift; path = ImageViewController.swift; sourceTree = "<group>"; };
/* End PBXFileReference section */

/* Begin PBXFrameworksBuildPhase section */
		CB3F58F82A2260B0002E3B30 /* Frameworks */ = {
			isa = PBXFrameworksBuildPhase;
			buildActionMask = 2147483647;
			files = (
			);
			runOnlyForDeploymentPostprocessing = 0;
		};
/* End PBXFrameworksBuildPhase section */

/* Begin PBXGroup section */
		CB3F58F22A2260B0002E3B30 = {
			isa = PBXGroup;
			children = (
				CB3F58FD2A2260B0002E3B30 /* Pixels */,
				CB3F58FC2A2260B0002E3B30 /* Products */,
			);
			sourceTree = "<group>";
		};
		CB3F58FC2A2260B0002E3B30 /* Products */ = {
			isa = PBXGroup;
			children = (
				CB3F58FB2A2260B0002E3B30 /* Pixels.app */,
			);
			name = Products;
			sourceTree = "<group>";
		};
		CB3F58FD2A2260B0002E3B30 /* Pixels */ = {
			isa = PBXGroup;
			children = (
				CB3F59142A2261DB002E3B30 /* Assets */,
				CB3F59132A2260BF002E3B30 /* Controllers */,
				CB3F59122A2260B7002E3B30 /* App */,
				CB3F590C2A2260B1002E3B30 /* Info.plist */,
			);
			path = Pixels;
			sourceTree = "<group>";
		};
		CB3F59122A2260B7002E3B30 /* App */ = {
			isa = PBXGroup;
			children = (
				CB3F58FE2A2260B0002E3B30 /* AppDelegate.swift */,
				CB3F59002A2260B0002E3B30 /* SceneDelegate.swift */,
			);
			path = App;
			sourceTree = "<group>";
		};
		CB3F59132A2260BF002E3B30 /* Controllers */ = {
			isa = PBXGroup;
			children = (
				CB3F59022A2260B0002E3B30 /* CameraViewController.swift */,
				CBDA9DF92A253B1A007133C9 /* ImagesCollectionLayout.swift */,
				CBDA9DFB2A253BC0007133C9 /* ImageCell.swift */,
				CBDA9DFD2A253C7F007133C9 /* ImagesViewModel.swift */,
				CBDA9DFF2A254D93007133C9 /* ImageViewController.swift */,
			);
			path = Controllers;
			sourceTree = "<group>";
		};
		CB3F59142A2261DB002E3B30 /* Assets */ = {
			isa = PBXGroup;
			children = (
				CB3F59072A2260B1002E3B30 /* Assets.xcassets */,
				CB3F59092A2260B1002E3B30 /* LaunchScreen.storyboard */,
			);
			path = Assets;
			sourceTree = "<group>";
		};
/* End PBXGroup section */

/* Begin PBXNativeTarget section */
		CB3F58FA2A2260B0002E3B30 /* Pixels */ = {
			isa = PBXNativeTarget;
			buildConfigurationList = CB3F590F2A2260B1002E3B30 /* Build configuration list for PBXNativeTarget "Pixels" */;
			buildPhases = (
				CB3F58F72A2260B0002E3B30 /* Sources */,
				CB3F58F82A2260B0002E3B30 /* Frameworks */,
				CB3F58F92A2260B0002E3B30 /* Resources */,
			);
			buildRules = (
			);
			dependencies = (
			);
			name = Pixels;
			productName = Pixels;
			productReference = CB3F58FB2A2260B0002E3B30 /* Pixels.app */;
			productType = "com.apple.product-type.application";
		};
/* End PBXNativeTarget section */

/* Begin PBXProject section */
		CB3F58F32A2260B0002E3B30 /* Project object */ = {
			isa = PBXProject;
			attributes = {
				BuildIndependentTargetsInParallel = YES;
				LastSwiftUpdateCheck = 1250;
				LastUpgradeCheck = 1520;
				TargetAttributes = {
					CB3F58FA2A2260B0002E3B30 = {
						CreatedOnToolsVersion = 12.5;
					};
				};
			};
			buildConfigurationList = CB3F58F62A2260B0002E3B30 /* Build configuration list for PBXProject "Pixels" */;
			compatibilityVersion = "Xcode 9.3";
			developmentRegion = en;
			hasScannedForEncodings = 0;
			knownRegions = (
				en,
				Base,
			);
			mainGroup = CB3F58F22A2260B0002E3B30;
			productRefGroup = CB3F58FC2A2260B0002E3B30 /* Products */;
			projectDirPath = "";
			projectRoot = "";
			targets = (
				CB3F58FA2A2260B0002E3B30 /* Pixels */,
			);
		};
/* End PBXProject section */

/* Begin PBXResourcesBuildPhase section */
		CB3F58F92A2260B0002E3B30 /* Resources */ = {
			isa = PBXResourcesBuildPhase;
			buildActionMask = 2147483647;
			files = (
				CB3F590B2A2260B1002E3B30 /* LaunchScreen.storyboard in Resources */,
				CB3F59082A2260B1002E3B30 /* Assets.xcassets in Resources */,
			);
			runOnlyForDeploymentPostprocessing = 0;
		};
/* End PBXResourcesBuildPhase section */

/* Begin PBXSourcesBuildPhase section */
		CB3F58F72A2260B0002E3B30 /* Sources */ = {
			isa = PBXSourcesBuildPhase;
			buildActionMask = 2147483647;
			files = (
				CBDA9DFE2A253C7F007133C9 /* ImagesViewModel.swift in Sources */,
				CB3F59032A2260B0002E3B30 /* CameraViewController.swift in Sources */,
				CB3F58FF2A2260B0002E3B30 /* AppDelegate.swift in Sources */,
				CBDA9E002A254D93007133C9 /* ImageViewController.swift in Sources */,
				CB3F59012A2260B0002E3B30 /* SceneDelegate.swift in Sources */,
				CBDA9DFA2A253B1A007133C9 /* ImagesCollectionLayout.swift in Sources */,
				CBDA9DFC2A253BC0007133C9 /* ImageCell.swift in Sources */,
			);
			runOnlyForDeploymentPostprocessing = 0;
		};
/* End PBXSourcesBuildPhase section */

/* Begin PBXVariantGroup section */
		CB3F59092A2260B1002E3B30 /* LaunchScreen.storyboard */ = {
			isa = PBXVariantGroup;
			children = (
				CB3F590A2A2260B1002E3B30 /* Base */,
			);
			name = LaunchScreen.storyboard;
			sourceTree = "<group>";
		};
/* End PBXVariantGroup section */

/* Begin XCBuildConfiguration section */
		CB3F590D2A2260B1002E3B30 /* Debug */ = {
			isa = XCBuildConfiguration;
			buildSettings = {
				ALWAYS_SEARCH_USER_PATHS = NO;
				CLANG_ANALYZER_NONNULL = YES;
				CLANG_ANALYZER_NUMBER_OBJECT_CONVERSION = YES_AGGRESSIVE;
				CLANG_CXX_LANGUAGE_STANDARD = "gnu++14";
				CLANG_CXX_LIBRARY = "libc++";
				CLANG_ENABLE_MODULES = YES;
				CLANG_ENABLE_OBJC_ARC = YES;
				CLANG_ENABLE_OBJC_WEAK = YES;
				CLANG_WARN_BLOCK_CAPTURE_AUTORELEASING = YES;
				CLANG_WARN_BOOL_CONVERSION = YES;
				CLANG_WARN_COMMA = YES;
				CLANG_WARN_CONSTANT_CONVERSION = YES;
				CLANG_WARN_DEPRECATED_OBJC_IMPLEMENTATIONS = YES;
				CLANG_WARN_DIRECT_OBJC_ISA_USAGE = YES_ERROR;
				CLANG_WARN_DOCUMENTATION_COMMENTS = YES;
				CLANG_WARN_EMPTY_BODY = YES;
				CLANG_WARN_ENUM_CONVERSION = YES;
				CLANG_WARN_INFINITE_RECURSION = YES;
				CLANG_WARN_INT_CONVERSION = YES;
				CLANG_WARN_NON_LITERAL_NULL_CONVERSION = YES;
				CLANG_WARN_OBJC_IMPLICIT_RETAIN_SELF = YES;
				CLANG_WARN_OBJC_LITERAL_CONVERSION = YES;
				CLANG_WARN_OBJC_ROOT_CLASS = YES_ERROR;
				CLANG_WARN_QUOTED_INCLUDE_IN_FRAMEWORK_HEADER = YES;
				CLANG_WARN_RANGE_LOOP_ANALYSIS = YES;
				CLANG_WARN_STRICT_PROTOTYPES = YES;
				CLANG_WARN_SUSPICIOUS_MOVE = YES;
				CLANG_WARN_UNGUARDED_AVAILABILITY = YES_AGGRESSIVE;
				CLANG_WARN_UNREACHABLE_CODE = YES;
				CLANG_WARN__DUPLICATE_METHOD_MATCH = YES;
				COPY_PHASE_STRIP = NO;
				DEBUG_INFORMATION_FORMAT = dwarf;
				ENABLE_STRICT_OBJC_MSGSEND = YES;
				ENABLE_TESTABILITY = YES;
				ENABLE_USER_SCRIPT_SANDBOXING = YES;
				GCC_C_LANGUAGE_STANDARD = gnu11;
				GCC_DYNAMIC_NO_PIC = NO;
				GCC_NO_COMMON_BLOCKS = YES;
				GCC_OPTIMIZATION_LEVEL = 0;
				GCC_PREPROCESSOR_DEFINITIONS = (
					"DEBUG=1",
					"$(inherited)",
				);
				GCC_WARN_64_TO_32_BIT_CONVERSION = YES;
				GCC_WARN_ABOUT_RETURN_TYPE = YES_ERROR;
				GCC_WARN_UNDECLARED_SELECTOR = YES;
				GCC_WARN_UNINITIALIZED_AUTOS = YES_AGGRESSIVE;
				GCC_WARN_UNUSED_FUNCTION = YES;
				GCC_WARN_UNUSED_VARIABLE = YES;
				IPHONEOS_DEPLOYMENT_TARGET = 14.5;
				MTL_ENABLE_DEBUG_INFO = INCLUDE_SOURCE;
				MTL_FAST_MATH = YES;
				ONLY_ACTIVE_ARCH = YES;
				SDKROOT = iphoneos;
				SWIFT_ACTIVE_COMPILATION_CONDITIONS = DEBUG;
				SWIFT_OPTIMIZATION_LEVEL = "-Onone";
			};
			name = Debug;
		};
		CB3F590E2A2260B1002E3B30 /* Release */ = {
			isa = XCBuildConfiguration;
			buildSettings = {
				ALWAYS_SEARCH_USER_PATHS = NO;
				CLANG_ANALYZER_NONNULL = YES;
				CLANG_ANALYZER_NUMBER_OBJECT_CONVERSION = YES_AGGRESSIVE;
				CLANG_CXX_LANGUAGE_STANDARD = "gnu++14";
				CLANG_CXX_LIBRARY = "libc++";
				CLANG_ENABLE_MODULES = YES;
				CLANG_ENABLE_OBJC_ARC = YES;
				CLANG_ENABLE_OBJC_WEAK = YES;
				CLANG_WARN_BLOCK_CAPTURE_AUTORELEASING = YES;
				CLANG_WARN_BOOL_CONVERSION = YES;
				CLANG_WARN_COMMA = YES;
				CLANG_WARN_CONSTANT_CONVERSION = YES;
				CLANG_WARN_DEPRECATED_OBJC_IMPLEMENTATIONS = YES;
				CLANG_WARN_DIRECT_OBJC_ISA_USAGE = YES_ERROR;
				CLANG_WARN_DOCUMENTATION_COMMENTS = YES;
				CLANG_WARN_EMPTY_BODY = YES;
				CLANG_WARN_ENUM_CONVERSION = YES;
				CLANG_WARN_INFINITE_RECURSION = YES;
				CLANG_WARN_INT_CONVERSION = YES;
				CLANG_WARN_NON_LITERAL_NULL_CONVERSION = YES;
				CLANG_WARN_OBJC_IMPLICIT_RETAIN_SELF = YES;
				CLANG_WARN_OBJC_LITERAL_CONVERSION = YES;
				CLANG_WARN_OBJC_ROOT_CLASS = YES_ERROR;
				CLANG_WARN_QUOTED_INCLUDE_IN_FRAMEWORK_HEADER = YES;
				CLANG_WARN_RANGE_LOOP_ANALYSIS = YES;
				CLANG_WARN_STRICT_PROTOTYPES = YES;
				CLANG_WARN_SUSPICIOUS_MOVE = YES;
				CLANG_WARN_UNGUARDED_AVAILABILITY = YES_AGGRESSIVE;
				CLANG_WARN_UNREACHABLE_CODE = YES;
				CLANG_WARN__DUPLICATE_METHOD_MATCH = YES;
				COPY_PHASE_STRIP = NO;
				DEBUG_INFORMATION_FORMAT = "dwarf-with-dsym";
				ENABLE_NS_ASSERTIONS = NO;
				ENABLE_STRICT_OBJC_MSGSEND = YES;
				ENABLE_USER_SCRIPT_SANDBOXING = YES;
				GCC_C_LANGUAGE_STANDARD = gnu11;
				GCC_NO_COMMON_BLOCKS = YES;
				GCC_WARN_64_TO_32_BIT_CONVERSION = YES;
				GCC_WARN_ABOUT_RETURN_TYPE = YES_ERROR;
				GCC_WARN_UNDECLARED_SELECTOR = YES;
				GCC_WARN_UNINITIALIZED_AUTOS = YES_AGGRESSIVE;
				GCC_WARN_UNUSED_FUNCTION = YES;
				GCC_WARN_UNUSED_VARIABLE = YES;
				IPHONEOS_DEPLOYMENT_TARGET = 14.5;
				MTL_ENABLE_DEBUG_INFO = NO;
				MTL_FAST_MATH = YES;
				SDKROOT = iphoneos;
				SWIFT_COMPILATION_MODE = wholemodule;
				SWIFT_OPTIMIZATION_LEVEL = "-O";
				VALIDATE_PRODUCT = YES;
			};
			name = Release;
		};
		CB3F59102A2260B1002E3B30 /* Debug */ = {
			isa = XCBuildConfiguration;
			buildSettings = {
				ASSETCATALOG_COMPILER_APPICON_NAME = AppIcon;
				ASSETCATALOG_COMPILER_GLOBAL_ACCENT_COLOR_NAME = AccentColor;
				CODE_SIGN_IDENTITY = "Apple Development";
				CODE_SIGN_STYLE = Automatic;
				DEVELOPMENT_TEAM = 2QM47272HP;
				INFOPLIST_FILE = Pixels/Info.plist;
				IPHONEOS_DEPLOYMENT_TARGET = 13.0;
				LD_RUNPATH_SEARCH_PATHS = (
					"$(inherited)",
					"@executable_path/Frameworks",
				);
				PRODUCT_BUNDLE_IDENTIFIER = archer.Pixels;
				PRODUCT_NAME = "$(TARGET_NAME)";
				PROVISIONING_PROFILE_SPECIFIER = "";
				SUPPORTED_PLATFORMS = "iphoneos iphonesimulator";
				SUPPORTS_MACCATALYST = NO;
				SUPPORTS_MAC_DESIGNED_FOR_IPHONE_IPAD = NO;
				SWIFT_VERSION = 5.0;
				TARGETED_DEVICE_FAMILY = 1;
			};
			name = Debug;
		};
		CB3F59112A2260B1002E3B30 /* Release */ = {
			isa = XCBuildConfiguration;
			buildSettings = {
				ASSETCATALOG_COMPILER_APPICON_NAME = AppIcon;
				ASSETCATALOG_COMPILER_GLOBAL_ACCENT_COLOR_NAME = AccentColor;
				CODE_SIGN_IDENTITY = "Apple Development";
				CODE_SIGN_STYLE = Automatic;
				DEVELOPMENT_TEAM = 2QM47272HP;
				INFOPLIST_FILE = Pixels/Info.plist;
				IPHONEOS_DEPLOYMENT_TARGET = 13.0;
				LD_RUNPATH_SEARCH_PATHS = (
					"$(inherited)",
					"@executable_path/Frameworks",
				);
				PRODUCT_BUNDLE_IDENTIFIER = archer.Pixels;
				PRODUCT_NAME = "$(TARGET_NAME)";
				PROVISIONING_PROFILE_SPECIFIER = "";
				SUPPORTED_PLATFORMS = "iphoneos iphonesimulator";
				SUPPORTS_MACCATALYST = NO;
				SUPPORTS_MAC_DESIGNED_FOR_IPHONE_IPAD = NO;
				SWIFT_VERSION = 5.0;
				TARGETED_DEVICE_FAMILY = 1;
			};
			name = Release;
		};
/* End XCBuildConfiguration section */

/* Begin XCConfigurationList section */
		CB3F58F62A2260B0002E3B30 /* Build configuration list for PBXProject "Pixels" */ = {
			isa = XCConfigurationList;
			buildConfigurations = (
				CB3F590D2A2260B1002E3B30 /* Debug */,
				CB3F590E2A2260B1002E3B30 /* Release */,
			);
			defaultConfigurationIsVisible = 0;
			defaultConfigurationName = Release;
		};
		CB3F590F2A2260B1002E3B30 /* Build configuration list for PBXNativeTarget "Pixels" */ = {
			isa = XCConfigurationList;
			buildConfigurations = (
				CB3F59102A2260B1002E3B30 /* Debug */,
				CB3F59112A2260B1002E3B30 /* Release */,
			);
			defaultConfigurationIsVisible = 0;
			defaultConfigurationName = Release;
		};
/* End XCConfigurationList section */
	};
	rootObject = CB3F58F32A2260B0002E3B30 /* Project object */;
}
